
Microsoft Visual Studio Solution File, Format Version 11.00
# Visual Studio 2010
Project("{FAE04EC0-301F-11D3-BF4B-00C04F79EFBC}") = "FantasyDungeon", "Assembly-CSharp.csproj", "{B9B59359-7E79-BC86-19B7-B0E897204138}"
EndProject
Project("{FAE04EC0-301F-11D3-BF4B-00C04F79EFBC}") = "FantasyDungeon", "Assembly-CSharp-Editor.csproj", "{9C4D431A-E21A-784D-23A3-3772F1ECE51B}"
EndProject
Global
	GlobalSection(SolutionConfigurationPlatforms) = preSolution
		Debug|Any CPU = Debug|Any CPU
		Release|Any CPU = Release|Any CPU
	EndGlobalSection
	GlobalSection(ProjectConfigurationPlatforms) = postSolution
		{B9B59359-7E79-BC86-19B7-B0E897204138}.Debug|Any CPU.ActiveCfg = Debug|Any CPU
		{B9B59359-7E79-BC86-19B7-B0E897204138}.Debug|Any CPU.Build.0 = Debug|Any CPU
		{B9B59359-7E79-BC86-19B7-B0E897204138}.Release|Any CPU.ActiveCfg = Release|Any CPU
		{B9B59359-7E79-BC86-19B7-B0E897204138}.Release|Any CPU.Build.0 = Release|Any CPU
		{9C4D431A-E21A-784D-23A3-3772F1ECE51B}.Debug|Any CPU.ActiveCfg = Debug|Any CPU
		{9C4D431A-E21A-784D-23A3-3772F1ECE51B}.Debug|Any CPU.Build.0 = Debug|Any CPU
		{9C4D431A-E21A-784D-23A3-3772F1ECE51B}.Release|Any CPU.ActiveCfg = Release|Any CPU
		{9C4D431A-E21A-784D-23A3-3772F1ECE51B}.Release|Any CPU.Build.0 = Release|Any CPU
	EndGlobalSection
	GlobalSection(SolutionProperties) = preSolution
		HideSolutionNode = FALSE
	EndGlobalSection
	GlobalSection(MonoDevelopProperties) = preSolution
		StartupItem = Assembly-CSharp.csproj
	EndGlobalSection
EndGlobal
